// !$*UTF8*$!
{
	archiveVersion = 1;
	classes = {
	};
	objectVersion = 50;
	objects = {

/* Begin PBXBuildFile section */
		D08736D724E55D8700CCC87B /* AppDelegate.m in Sources */ = {isa = PBXBuildFile; fileRef = D08736D624E55D8700CCC87B /* AppDelegate.m */; };
		D08736DA24E55D8700CCC87B /* SceneDelegate.m in Sources */ = {isa = PBXBuildFile; fileRef = D08736D924E55D8700CCC87B /* SceneDelegate.m */; };
		D08736DD24E55D8700CCC87B /* ViewController.m in Sources */ = {isa = PBXBuildFile; fileRef = D08736DC24E55D8700CCC87B /* ViewController.m */; };
		D08736E024E55D8700CCC87B /* Main.storyboard in Resources */ = {isa = PBXBuildFile; fileRef = D08736DE24E55D8700CCC87B /* Main.storyboard */; };
		D08736E324E55D8700CCC87B /* BKOneTouchScaleRotationDemo.xcdatamodeld in Sources */ = {isa = PBXBuildFile; fileRef = D08736E124E55D8700CCC87B /* BKOneTouchScaleRotationDemo.xcdatamodeld */; };
		D08736E524E55D8B00CCC87B /* Assets.xcassets in Resources */ = {isa = PBXBuildFile; fileRef = D08736E424E55D8B00CCC87B /* Assets.xcassets */; };
		D08736E824E55D8B00CCC87B /* LaunchScreen.storyboard in Resources */ = {isa = PBXBuildFile; fileRef = D08736E624E55D8B00CCC87B /* LaunchScreen.storyboard */; };
		D08736EB24E55D8B00CCC87B /* main.m in Sources */ = {isa = PBXBuildFile; fileRef = D08736EA24E55D8B00CCC87B /* main.m */; };
		D087370724E55E6700CCC87B /* UIView+Layout.m in Sources */ = {isa = PBXBuildFile; fileRef = D087370424E55E6700CCC87B /* UIView+Layout.m */; };
		D087370824E55E6700CCC87B /* BKOtsrView.m in Sources */ = {isa = PBXBuildFile; fileRef = D087370524E55E6700CCC87B /* BKOtsrView.m */; };
/* End PBXBuildFile section */

/* Begin PBXFileReference section */
		D08736D224E55D8700CCC87B /* BKOneTouchScaleRotationDemo.app */ = {isa = PBXFileReference; explicitFileType = wrapper.application; includeInIndex = 0; path = BKOneTouchScaleRotationDemo.app; sourceTree = BUILT_PRODUCTS_DIR; };
		D08736D524E55D8700CCC87B /* AppDelegate.h */ = {isa = PBXFileReference; lastKnownFileType = sourcecode.c.h; path = AppDelegate.h; sourceTree = "<group>"; };
		D08736D624E55D8700CCC87B /* AppDelegate.m */ = {isa = PBXFileReference; lastKnownFileType = sourcecode.c.objc; path = AppDelegate.m; sourceTree = "<group>"; };
		D08736D824E55D8700CCC87B /* SceneDelegate.h */ = {isa = PBXFileReference; lastKnownFileType = sourcecode.c.h; path = SceneDelegate.h; sourceTree = "<group>"; };
		D08736D924E55D8700CCC87B /* SceneDelegate.m */ = {isa = PBXFileReference; lastKnownFileType = sourcecode.c.objc; path = SceneDelegate.m; sourceTree = "<group>"; };
		D08736DB24E55D8700CCC87B /* ViewController.h */ = {isa = PBXFileReference; lastKnownFileType = sourcecode.c.h; path = ViewController.h; sourceTree = "<group>"; };
		D08736DC24E55D8700CCC87B /* ViewController.m */ = {isa = PBXFileReference; lastKnownFileType = sourcecode.c.objc; path = ViewController.m; sourceTree = "<group>"; };
		D08736DF24E55D8700CCC87B /* Base */ = {isa = PBXFileReference; lastKnownFileType = file.storyboard; name = Base; path = Base.lproj/Main.storyboard; sourceTree = "<group>"; };
		D08736E224E55D8700CCC87B /* BKOneTouchScaleRotationDemo.xcdatamodel */ = {isa = PBXFileReference; lastKnownFileType = wrapper.xcdatamodel; path = BKOneTouchScaleRotationDemo.xcdatamodel; sourceTree = "<group>"; };
		D08736E424E55D8B00CCC87B /* Assets.xcassets */ = {isa = PBXFileReference; lastKnownFileType = folder.assetcatalog; path = Assets.xcassets; sourceTree = "<group>"; };
		D08736E724E55D8B00CCC87B /* Base */ = {isa = PBXFileReference; lastKnownFileType = file.storyboard; name = Base; path = Base.lproj/LaunchScreen.storyboard; sourceTree = "<group>"; };
		D08736E924E55D8B00CCC87B /* Info.plist */ = {isa = PBXFileReference; lastKnownFileType = text.plist.xml; path = Info.plist; sourceTree = "<group>"; };
		D08736EA24E55D8B00CCC87B /* main.m */ = {isa = PBXFileReference; lastKnownFileType = sourcecode.c.objc; path = main.m; sourceTree = "<group>"; };
		D087370324E55E6700CCC87B /* BKOtsrView.h */ = {isa = PBXFileReference; fileEncoding = 4; lastKnownFileType = sourcecode.c.h; path = BKOtsrView.h; sourceTree = "<group>"; };
		D087370424E55E6700CCC87B /* UIView+Layout.m */ = {isa = PBXFileReference; fileEncoding = 4; lastKnownFileType = sourcecode.c.objc; path = "UIView+Layout.m"; sourceTree = "<group>"; };
		D087370524E55E6700CCC87B /* BKOtsrView.m */ = {isa = PBXFileReference; fileEncoding = 4; lastKnownFileType = sourcecode.c.objc; path = BKOtsrView.m; sourceTree = "<group>"; };
		D087370624E55E6700CCC87B /* UIView+Layout.h */ = {isa = PBXFileReference; fileEncoding = 4; lastKnownFileType = sourcecode.c.h; path = "UIView+Layout.h"; sourceTree = "<group>"; };
/* End PBXFileReference section */

/* Begin PBXFrameworksBuildPhase section */
		D08736CF24E55D8700CCC87B /* Frameworks */ = {
			isa = PBXFrameworksBuildPhase;
			buildActionMask = 2147483647;
			files = (
			);
			runOnlyForDeploymentPostprocessing = 0;
		};
/* End PBXFrameworksBuildPhase section */

/* Begin PBXGroup section */
		D08736C924E55D8700CCC87B = {
			isa = PBXGroup;
			children = (
				D087370224E55E6700CCC87B /* BKOneTouchScaleRotationFramework */,
				D08736D424E55D8700CCC87B /* BKOneTouchScaleRotationDemo */,
				D08736D324E55D8700CCC87B /* Products */,
			);
			sourceTree = "<group>";
		};
		D08736D324E55D8700CCC87B /* Products */ = {
			isa = PBXGroup;
			children = (
				D08736D224E55D8700CCC87B /* BKOneTouchScaleRotationDemo.app */,
			);
			name = Products;
			sourceTree = "<group>";
		};
		D08736D424E55D8700CCC87B /* BKOneTouchScaleRotationDemo */ = {
			isa = PBXGroup;
			children = (
				D08736D524E55D8700CCC87B /* AppDelegate.h */,
				D08736D624E55D8700CCC87B /* AppDelegate.m */,
				D08736D824E55D8700CCC87B /* SceneDelegate.h */,
				D08736D924E55D8700CCC87B /* SceneDelegate.m */,
				D08736DB24E55D8700CCC87B /* ViewController.h */,
				D08736DC24E55D8700CCC87B /* ViewController.m */,
				D08736DE24E55D8700CCC87B /* Main.storyboard */,
				D08736E424E55D8B00CCC87B /* Assets.xcassets */,
				D08736E624E55D8B00CCC87B /* LaunchScreen.storyboard */,
				D08736E924E55D8B00CCC87B /* Info.plist */,
				D08736EA24E55D8B00CCC87B /* main.m */,
				D08736E124E55D8700CCC87B /* BKOneTouchScaleRotationDemo.xcdatamodeld */,
			);
			path = BKOneTouchScaleRotationDemo;
			sourceTree = "<group>";
		};
		D087370224E55E6700CCC87B /* BKOneTouchScaleRotationFramework */ = {
			isa = PBXGroup;
			children = (
				D087370324E55E6700CCC87B /* BKOtsrView.h */,
				D087370524E55E6700CCC87B /* BKOtsrView.m */,
				D087370624E55E6700CCC87B /* UIView+Layout.h */,
				D087370424E55E6700CCC87B /* UIView+Layout.m */,
			);
			name = BKOneTouchScaleRotationFramework;
			path = ../BKOneTouchScaleRotationFramework;
			sourceTree = "<group>";
		};
/* End PBXGroup section */

/* Begin PBXNativeTarget section */
		D08736D124E55D8700CCC87B /* BKOneTouchScaleRotationDemo */ = {
			isa = PBXNativeTarget;
			buildConfigurationList = D08736EE24E55D8B00CCC87B /* Build configuration list for PBXNativeTarget "BKOneTouchScaleRotationDemo" */;
			buildPhases = (
				D08736CE24E55D8700CCC87B /* Sources */,
				D08736CF24E55D8700CCC87B /* Frameworks */,
				D08736D024E55D8700CCC87B /* Resources */,
			);
			buildRules = (
			);
			dependencies = (
			);
			name = BKOneTouchScaleRotationDemo;
			productName = BKOneTouchScaleRotationDemo;
			productReference = D08736D224E55D8700CCC87B /* BKOneTouchScaleRotationDemo.app */;
			productType = "com.apple.product-type.application";
		};
/* End PBXNativeTarget section */

/* Begin PBXProject section */
		D08736CA24E55D8700CCC87B /* Project object */ = {
			isa = PBXProject;
			attributes = {
				LastUpgradeCheck = 1160;
				ORGANIZATIONNAME = macbookair;
				TargetAttributes = {
					D08736D124E55D8700CCC87B = {
						CreatedOnToolsVersion = 11.6;
					};
				};
			};
			buildConfigurationList = D08736CD24E55D8700CCC87B /* Build configuration list for PBXProject "BKOneTouchScaleRotationDemo" */;
			compatibilityVersion = "Xcode 9.3";
			developmentRegion = en;
			hasScannedForEncodings = 0;
			knownRegions = (
				en,
				Base,
			);
			mainGroup = D08736C924E55D8700CCC87B;
			productRefGroup = D08736D324E55D8700CCC87B /* Products */;
			projectDirPath = "";
			projectRoot = "";
			targets = (
				D08736D124E55D8700CCC87B /* BKOneTouchScaleRotationDemo */,
			);
		};
/* End PBXProject section */

/* Begin PBXResourcesBuildPhase section */
		D08736D024E55D8700CCC87B /* Resources */ = {
			isa = PBXResourcesBuildPhase;
			buildActionMask = 2147483647;
			files = (
				D08736E824E55D8B00CCC87B /* LaunchScreen.storyboard in Resources */,
				D08736E524E55D8B00CCC87B /* Assets.xcassets in Resources */,
				D08736E024E55D8700CCC87B /* Main.storyboard in Resources */,
			);
			runOnlyForDeploymentPostprocessing = 0;
		};
/* End PBXResourcesBuildPhase section */

/* Begin PBXSourcesBuildPhase section */
		D08736CE24E55D8700CCC87B /* Sources */ = {
			isa = PBXSourcesBuildPhase;
			buildActionMask = 2147483647;
			files = (
				D08736EB24E55D8B00CCC87B /* main.m in Sources */,
				D087370824E55E6700CCC87B /* BKOtsrView.m in Sources */,
				D08736DD24E55D8700CCC87B /* ViewController.m in Sources */,
				D087370724E55E6700CCC87B /* UIView+Layout.m in Sources */,
				D08736D724E55D8700CCC87B /* AppDelegate.m in Sources */,
				D08736DA24E55D8700CCC87B /* SceneDelegate.m in Sources */,
				D08736E324E55D8700CCC87B /* BKOneTouchScaleRotationDemo.xcdatamodeld in Sources */,
			);
			runOnlyForDeploymentPostprocessing = 0;
		};
/* End PBXSourcesBuildPhase section */

/* Begin PBXVariantGroup section */
		D08736DE24E55D8700CCC87B /* Main.storyboard */ = {
			isa = PBXVariantGroup;
			children = (
				D08736DF24E55D8700CCC87B /* Base */,
			);
			name = Main.storyboard;
			sourceTree = "<group>";
		};
		D08736E624E55D8B00CCC87B /* LaunchScreen.storyboard */ = {
			isa = PBXVariantGroup;
			children = (
				D08736E724E55D8B00CCC87B /* Base */,
			);
			name = LaunchScreen.storyboard;
			sourceTree = "<group>";
		};
/* End PBXVariantGroup section */

/* Begin XCBuildConfiguration section */
		D08736EC24E55D8B00CCC87B /* Debug */ = {
			isa = XCBuildConfiguration;
			buildSettings = {
				ALWAYS_SEARCH_USER_PATHS = NO;
				CLANG_ANALYZER_NONNULL = YES;
				CLANG_ANALYZER_NUMBER_OBJECT_CONVERSION = YES_AGGRESSIVE;
				CLANG_CXX_LANGUAGE_STANDARD = "gnu++14";
				CLANG_CXX_LIBRARY = "libc++";
				CLANG_ENABLE_MODULES = YES;
				CLANG_ENABLE_OBJC_ARC = YES;
				CLANG_ENABLE_OBJC_WEAK = YES;
				CLANG_WARN_BLOCK_CAPTURE_AUTORELEASING = YES;
				CLANG_WARN_BOOL_CONVERSION = YES;
				CLANG_WARN_COMMA = YES;
				CLANG_WARN_CONSTANT_CONVERSION = YES;
				CLANG_WARN_DEPRECATED_OBJC_IMPLEMENTATIONS = YES;
				CLANG_WARN_DIRECT_OBJC_ISA_USAGE = YES_ERROR;
				CLANG_WARN_DOCUMENTATION_COMMENTS = YES;
				CLANG_WARN_EMPTY_BODY = YES;
				CLANG_WARN_ENUM_CONVERSION = YES;
				CLANG_WARN_INFINITE_RECURSION = YES;
				CLANG_WARN_INT_CONVERSION = YES;
				CLANG_WARN_NON_LITERAL_NULL_CONVERSION = YES;
				CLANG_WARN_OBJC_IMPLICIT_RETAIN_SELF = YES;
				CLANG_WARN_OBJC_LITERAL_CONVERSION = YES;
				CLANG_WARN_OBJC_ROOT_CLASS = YES_ERROR;
				CLANG_WARN_RANGE_LOOP_ANALYSIS = YES;
				CLANG_WARN_STRICT_PROTOTYPES = YES;
				CLANG_WARN_SUSPICIOUS_MOVE = YES;
				CLANG_WARN_UNGUARDED_AVAILABILITY = YES_AGGRESSIVE;
				CLANG_WARN_UNREACHABLE_CODE = YES;
				CLANG_WARN__DUPLICATE_METHOD_MATCH = YES;
				COPY_PHASE_STRIP = NO;
				DEBUG_INFORMATION_FORMAT = dwarf;
				ENABLE_STRICT_OBJC_MSGSEND = YES;
				ENABLE_TESTABILITY = YES;
				GCC_C_LANGUAGE_STANDARD = gnu11;
				GCC_DYNAMIC_NO_PIC = NO;
				GCC_NO_COMMON_BLOCKS = YES;
				GCC_OPTIMIZATION_LEVEL = 0;
				GCC_PREPROCESSOR_DEFINITIONS = (
					"DEBUG=1",
					"$(inherited)",
				);
				GCC_WARN_64_TO_32_BIT_CONVERSION = YES;
				GCC_WARN_ABOUT_RETURN_TYPE = YES_ERROR;
				GCC_WARN_UNDECLARED_SELECTOR = YES;
				GCC_WARN_UNINITIALIZED_AUTOS = YES_AGGRESSIVE;
				GCC_WARN_UNUSED_FUNCTION = YES;
				GCC_WARN_UNUSED_VARIABLE = YES;
				IPHONEOS_DEPLOYMENT_TARGET = 13.6;
				MTL_ENABLE_DEBUG_INFO = INCLUDE_SOURCE;
				MTL_FAST_MATH = YES;
				ONLY_ACTIVE_ARCH = YES;
				SDKROOT = iphoneos;
			};
			name = Debug;
		};
		D08736ED24E55D8B00CCC87B /* Release */ = {
			isa = XCBuildConfiguration;
			buildSettings = {
				ALWAYS_SEARCH_USER_PATHS = NO;
				CLANG_ANALYZER_NONNULL = YES;
				CLANG_ANALYZER_NUMBER_OBJECT_CONVERSION = YES_AGGRESSIVE;
				CLANG_CXX_LANGUAGE_STANDARD = "gnu++14";
				CLANG_CXX_LIBRARY = "libc++";
				CLANG_ENABLE_MODULES = YES;
				CLANG_ENABLE_OBJC_ARC = YES;
				CLANG_ENABLE_OBJC_WEAK = YES;
				CLANG_WARN_BLOCK_CAPTURE_AUTORELEASING = YES;
				CLANG_WARN_BOOL_CONVERSION = YES;
				CLANG_WARN_COMMA = YES;
				CLANG_WARN_CONSTANT_CONVERSION = YES;
				CLANG_WARN_DEPRECATED_OBJC_IMPLEMENTATIONS = YES;
				CLANG_WARN_DIRECT_OBJC_ISA_USAGE = YES_ERROR;
				CLANG_WARN_DOCUMENTATION_COMMENTS = YES;
				CLANG_WARN_EMPTY_BODY = YES;
				CLANG_WARN_ENUM_CONVERSION = YES;
				CLANG_WARN_INFINITE_RECURSION = YES;
				CLANG_WARN_INT_CONVERSION = YES;
				CLANG_WARN_NON_LITERAL_NULL_CONVERSION = YES;
				CLANG_WARN_OBJC_IMPLICIT_RETAIN_SELF = YES;
				CLANG_WARN_OBJC_LITERAL_CONVERSION = YES;
				CLANG_WARN_OBJC_ROOT_CLASS = YES_ERROR;
				CLANG_WARN_RANGE_LOOP_ANALYSIS = YES;
				CLANG_WARN_STRICT_PROTOTYPES = YES;
				CLANG_WARN_SUSPICIOUS_MOVE = YES;
				CLANG_WARN_UNGUARDED_AVAILABILITY = YES_AGGRESSIVE;
				CLANG_WARN_UNREACHABLE_CODE = YES;
				CLANG_WARN__DUPLICATE_METHOD_MATCH = YES;
				COPY_PHASE_STRIP = NO;
				DEBUG_INFORMATION_FORMAT = "dwarf-with-dsym";
				ENABLE_NS_ASSERTIONS = NO;
				ENABLE_STRICT_OBJC_MSGSEND = YES;
				GCC_C_LANGUAGE_STANDARD = gnu11;
				GCC_NO_COMMON_BLOCKS = YES;
				GCC_WARN_64_TO_32_BIT_CONVERSION = YES;
				GCC_WARN_ABOUT_RETURN_TYPE = YES_ERROR;
				GCC_WARN_UNDECLARED_SELECTOR = YES;
				GCC_WARN_UNINITIALIZED_AUTOS = YES_AGGRESSIVE;
				GCC_WARN_UNUSED_FUNCTION = YES;
				GCC_WARN_UNUSED_VARIABLE = YES;
				IPHONEOS_DEPLOYMENT_TARGET = 13.6;
				MTL_ENABLE_DEBUG_INFO = NO;
				MTL_FAST_MATH = YES;
				SDKROOT = iphoneos;
				VALIDATE_PRODUCT = YES;
			};
			name = Release;
		};
		D08736EF24E55D8B00CCC87B /* Debug */ = {
			isa = XCBuildConfiguration;
			buildSettings = {
				ASSETCATALOG_COMPILER_APPICON_NAME = AppIcon;
				CODE_SIGN_STYLE = Automatic;
				INFOPLIST_FILE = BKOneTouchScaleRotationDemo/Info.plist;
				LD_RUNPATH_SEARCH_PATHS = (
					"$(inherited)",
					"@executable_path/Frameworks",
				);
				PRODUCT_BUNDLE_IDENTIFIER = com.bgls.BKOneTouchScaleRotationDemo;
				PRODUCT_NAME = "$(TARGET_NAME)";
				TARGETED_DEVICE_FAMILY = "1,2";
			};
			name = Debug;
		};
		D08736F024E55D8B00CCC87B /* Release */ = {
			isa = XCBuildConfiguration;
			buildSettings = {
				ASSETCATALOG_COMPILER_APPICON_NAME = AppIcon;
				CODE_SIGN_STYLE = Automatic;
				INFOPLIST_FILE = BKOneTouchScaleRotationDemo/Info.plist;
				LD_RUNPATH_SEARCH_PATHS = (
					"$(inherited)",
					"@executable_path/Frameworks",
				);
				PRODUCT_BUNDLE_IDENTIFIER = com.bgls.BKOneTouchScaleRotationDemo;
				PRODUCT_NAME = "$(TARGET_NAME)";
				TARGETED_DEVICE_FAMILY = "1,2";
			};
			name = Release;
		};
/* End XCBuildConfiguration section */

/* Begin XCConfigurationList section */
		D08736CD24E55D8700CCC87B /* Build configuration list for PBXProject "BKOneTouchScaleRotationDemo" */ = {
			isa = XCConfigurationList;
			buildConfigurations = (
				D08736EC24E55D8B00CCC87B /* Debug */,
				D08736ED24E55D8B00CCC87B /* Release */,
			);
			defaultConfigurationIsVisible = 0;
			defaultConfigurationName = Release;
		};
		D08736EE24E55D8B00CCC87B /* Build configuration list for PBXNativeTarget "BKOneTouchScaleRotationDemo" */ = {
			isa = XCConfigurationList;
			buildConfigurations = (
				D08736EF24E55D8B00CCC87B /* Debug */,
				D08736F024E55D8B00CCC87B /* Release */,
			);
			defaultConfigurationIsVisible = 0;
			defaultConfigurationName = Release;
		};
/* End XCConfigurationList section */

/* Begin XCVersionGroup section */
		D08736E124E55D8700CCC87B /* BKOneTouchScaleRotationDemo.xcdatamodeld */ = {
			isa = XCVersionGroup;
			children = (
				D08736E224E55D8700CCC87B /* BKOneTouchScaleRotationDemo.xcdatamodel */,
			);
			currentVersion = D08736E224E55D8700CCC87B /* BKOneTouchScaleRotationDemo.xcdatamodel */;
			path = BKOneTouchScaleRotationDemo.xcdatamodeld;
			sourceTree = "<group>";
			versionGroupType = wrapper.xcdatamodel;
		};
/* End XCVersionGroup section */
	};
	rootObject = D08736CA24E55D8700CCC87B /* Project object */;
}
